{
  "name": "geni18n",
  "version": "1.0.0",
  "lockfileVersion": 3,
  "requires": true,
  "packages": {
    "": {
      "name": "geni18n",
      "version": "1.0.0",
      "license": "ISC",
      "dependencies": {
        "js-object-parser": "^1.0.1"
      }
    },
    "node_modules/js-object-parser": {
      "version": "1.0.1",
      "resolved": "https://registry.npmjs.org/js-object-parser/-/js-object-parser-1.0.1.tgz",
      "integrity": "sha512-lTJ7X7MzP6FsAIg2LufJxLeypyhuqgqrvze5aBzi0hJH0ioQfIcwWc/tRRcoBlwok4IGVFjrGxI9jpW8Dl1rIw=="
    }
  }
}
